{
  "version": 4,
  "terraform_version": "0.14.9",
  "serial": 57,
  "lineage": "eb6a573c-73f3-e2ff-db8a-ed2835cedaad",
  "outputs": {},
  "resources": [
    {
      "mode": "managed",
      "type": "google_compute_firewall",
      "name": "firewall-12345",
      "provider": "provider[\"registry.terraform.io/hashicorp/google\"]",
      "instances": [
        {
          "schema_version": 1,
          "attributes": {
            "allow": [
              {
                "ports": [
                  "22"
                ],
                "protocol": "tcp"
              }
            ],
            "creation_timestamp": "2021-04-21T13:42:13.817-07:00",
            "deny": [],
            "description": "",
            "destination_ranges": [],
            "direction": "INGRESS",
            "disabled": false,
            "enable_logging": false,
            "id": "projects/project710/global/firewalls/firewall-12345-externalssh",
            "name": "firewall-12345-externalssh",
            "network": "https://www.googleapis.com/compute/v1/projects/project710/global/networks/terraform-network",
            "priority": 1000,
            "project": "project710",
            "self_link": "https://www.googleapis.com/compute/v1/projects/project710/global/firewalls/firewall-12345-externalssh",
            "source_ranges": [
              "0.0.0.0/0"
            ],
            "source_service_accounts": null,
            "source_tags": null,
            "target_service_accounts": null,
            "target_tags": [
              "externalssh"
            ],
            "timeouts": null
          },
          "sensitive_attributes": [],
          "private": "eyJlMmJmYjczMC1lY2FhLTExZTYtOGY4OC0zNDM2M2JjN2M0YzAiOnsiY3JlYXRlIjoyNDAwMDAwMDAwMDAsImRlbGV0ZSI6MjQwMDAwMDAwMDAwLCJ1cGRhdGUiOjI0MDAwMDAwMDAwMH0sInNjaGVtYV92ZXJzaW9uIjoiMSJ9"
        }
      ]
    },
    {
      "mode": "managed",
      "type": "google_compute_instance",
      "name": "provisoner-vm",
      "provider": "provider[\"registry.terraform.io/hashicorp/google\"]",
      "instances": [
        {
          "status": "tainted",
          "schema_version": 6,
          "attributes": {
            "allow_stopping_for_update": null,
            "attached_disk": [],
            "boot_disk": [
              {
                "auto_delete": true,
                "device_name": "persistent-disk-0",
                "disk_encryption_key_raw": "",
                "disk_encryption_key_sha256": "",
                "initialize_params": [
                  {
                    "image": "https://www.googleapis.com/compute/v1/projects/ubuntu-os-cloud/global/images/ubuntu-2004-focal-v20210415",
                    "labels": {},
                    "size": 10,
                    "type": "pd-standard"
                  }
                ],
                "kms_key_self_link": "",
                "mode": "READ_WRITE",
                "source": "https://www.googleapis.com/compute/v1/projects/project710/zones/us-central1-a/disks/provisioner-3"
              }
            ],
            "can_ip_forward": false,
            "cpu_platform": "AMD Rome",
            "deletion_protection": false,
            "description": "",
            "enable_display": false,
            "guest_accelerator": [],
            "hostname": "",
            "id": "projects/project710/zones/us-central1-a/instances/provisioner-3",
            "instance_id": "4280850325804232897",
            "label_fingerprint": "42WmSpB8rSM=",
            "labels": null,
            "machine_type": "e2-small",
            "metadata": null,
            "metadata_fingerprint": "09P2FawLnR8=",
            "metadata_startup_script": "",
            "min_cpu_platform": "",
            "name": "provisioner-3",
            "network_interface": [
              {
                "access_config": [
                  {
                    "nat_ip": "35.223.234.151",
                    "network_tier": "PREMIUM",
                    "public_ptr_domain_name": ""
                  }
                ],
                "alias_ip_range": [],
                "name": "nic0",
                "network": "https://www.googleapis.com/compute/v1/projects/project710/global/networks/terraform-network",
                "network_ip": "10.128.0.16",
                "subnetwork": "https://www.googleapis.com/compute/v1/projects/project710/regions/us-central1/subnetworks/terraform-network",
                "subnetwork_project": "project710"
              }
            ],
            "project": "project710",
            "scheduling": [
              {
                "automatic_restart": true,
                "node_affinities": [],
                "on_host_maintenance": "MIGRATE",
                "preemptible": false
              }
            ],
            "scratch_disk": [],
            "self_link": "https://www.googleapis.com/compute/v1/projects/project710/zones/us-central1-a/instances/provisioner-3",
            "service_account": [],
            "shielded_instance_config": [
              {
                "enable_integrity_monitoring": true,
                "enable_secure_boot": false,
                "enable_vtpm": true
              }
            ],
            "tags": [
              "externalssh"
            ],
            "tags_fingerprint": "3xojOZ8evN8=",
            "timeouts": null,
            "zone": "us-central1-a"
          },
          "sensitive_attributes": []
        }
      ]
    },
    {
      "mode": "managed",
      "type": "google_compute_project_metadata",
      "name": "my_ssh_key",
      "provider": "provider[\"registry.terraform.io/hashicorp/google\"]",
      "instances": [
        {
          "schema_version": 0,
          "attributes": {
            "id": "project710",
            "metadata": {
              "ssh-keys": "ubuntu:ssh-rsa AAAAB3NzaC1yc2EAAAADAQABAAABgQDIjWIB1AbyynhWi8/DQMptscGPm7GrtTDLhAzle+SX/mgxLAHvjQ6eZHscaY9uKJifqqrRp1n3RSa2YnTlDFCTRWN1CsyW2//x4G6RK5ADPGymu/ithQxfqoFPL+xIhyjGiw13n1EdCDuQYQSr+DT0u+3h9UCe4H+Idcege4+YF+en1Naod8icfGn4cBZV/VLnvRmHCe+prTZnKsyUaM8GJeeHqnUDrZ/kzz+w2JJ6kfGacp8jTk1dJJlG6c4gx77GyiDUdqpiq7YdLfVzmrijS/oPQAcbSMRA0/7oQYRNbHemxBjBIvCrasRdo1R60nCI4Kav3mweuqjgqaa8ddOQMuPZj+q8JKRRK+aua2yz/H2AKxujR6pIWwGKOUjptQNJ1bVKoYN66MtpjtLHH/t2EI88CmgsXAzETsOBEwO/ko6ErT6PFbBjKcQZ0bmtb9Gs5BfceUUf5Y8oYXYgfSnflF4KCeArZ3XPfCTlmLh3Y4ZqJqrFv4QbooOtnJqkpUc= ubuntu@ubunu2004\n"
            },
            "project": "project710"
          },
          "sensitive_attributes": [],
          "private": "bnVsbA=="
        }
      ]
    }
  ]
}
