{
  "version": 4,
  "terraform_version": "0.14.9",
  "serial": 8,
  "lineage": "a34f211b-c590-b5bb-3524-502c6e428bc0",
  "outputs": {
    "svcfulldetails": {
      "value": {
        "100417593898157369890": "projects/project710/serviceAccounts/service-account-0@project710.iam.gserviceaccount.com",
        "108512982207239847740": "projects/project710/serviceAccounts/service-account-2@project710.iam.gserviceaccount.com",
        "113960726778035436204": "projects/project710/serviceAccounts/service-account-1@project710.iam.gserviceaccount.com"
      },
      "type": [
        "object",
        {
          "100417593898157369890": "string",
          "108512982207239847740": "string",
          "113960726778035436204": "string"
        }
      ]
    },
    "svcid": {
      "value": [
        "100417593898157369890",
        "113960726778035436204",
        "108512982207239847740"
      ],
      "type": [
        "tuple",
        [
          "string",
          "string",
          "string"
        ]
      ]
    },
    "svcname": {
      "value": [
        "projects/project710/serviceAccounts/service-account-0@project710.iam.gserviceaccount.com",
        "projects/project710/serviceAccounts/service-account-1@project710.iam.gserviceaccount.com",
        "projects/project710/serviceAccounts/service-account-2@project710.iam.gserviceaccount.com"
      ],
      "type": [
        "tuple",
        [
          "string",
          "string",
          "string"
        ]
      ]
    }
  },
  "resources": [
    {
      "mode": "managed",
      "type": "google_service_account",
      "name": "service_account",
      "provider": "provider[\"registry.terraform.io/hashicorp/google\"]",
      "instances": [
        {
          "index_key": 0,
          "schema_version": 0,
          "attributes": {
            "account_id": "service-account-0",
            "description": "",
            "display_name": "Service Account",
            "email": "service-account-0@project710.iam.gserviceaccount.com",
            "id": "projects/project710/serviceAccounts/service-account-0@project710.iam.gserviceaccount.com",
            "name": "projects/project710/serviceAccounts/service-account-0@project710.iam.gserviceaccount.com",
            "project": "project710",
            "unique_id": "100417593898157369890"
          },
          "sensitive_attributes": [],
          "private": "bnVsbA=="
        },
        {
          "index_key": 1,
          "schema_version": 0,
          "attributes": {
            "account_id": "service-account-1",
            "description": "",
            "display_name": "Service Account",
            "email": "service-account-1@project710.iam.gserviceaccount.com",
            "id": "projects/project710/serviceAccounts/service-account-1@project710.iam.gserviceaccount.com",
            "name": "projects/project710/serviceAccounts/service-account-1@project710.iam.gserviceaccount.com",
            "project": "project710",
            "unique_id": "113960726778035436204"
          },
          "sensitive_attributes": [],
          "private": "bnVsbA=="
        },
        {
          "index_key": 2,
          "schema_version": 0,
          "attributes": {
            "account_id": "service-account-2",
            "description": "",
            "display_name": "Service Account",
            "email": "service-account-2@project710.iam.gserviceaccount.com",
            "id": "projects/project710/serviceAccounts/service-account-2@project710.iam.gserviceaccount.com",
            "name": "projects/project710/serviceAccounts/service-account-2@project710.iam.gserviceaccount.com",
            "project": "project710",
            "unique_id": "108512982207239847740"
          },
          "sensitive_attributes": [],
          "private": "bnVsbA=="
        }
      ]
    }
  ]
}
