{
  "version": 4,
  "terraform_version": "0.14.9",
  "serial": 5,
  "lineage": "6d81335b-6b12-cda8-f5fc-a830873c8602",
  "outputs": {},
  "resources": [
    {
      "module": "module.myvm",
      "mode": "managed",
      "type": "google_compute_network",
      "name": "vpc_network",
      "provider": "module.myvm.provider[\"registry.terraform.io/hashicorp/google\"]",
      "instances": [
        {
          "schema_version": 0,
          "attributes": {
            "auto_create_subnetworks": true,
            "delete_default_routes_on_create": false,
            "description": "",
            "gateway_ipv4": "",
            "id": "projects/project710/global/networks/terraform-network",
            "ipv4_range": null,
            "name": "terraform-network",
            "project": "project710",
            "routing_mode": "REGIONAL",
            "self_link": "https://www.googleapis.com/compute/v1/projects/project710/global/networks/terraform-network",
            "timeouts": null
          },
          "sensitive_attributes": []
        }
      ]
    }
  ]
}
