{
  "version": 4,
  "terraform_version": "0.14.9",
  "serial": 4,
  "lineage": "9a520e7e-92f7-fd42-7273-c053d452e0f6",
  "outputs": {},
  "resources": [
    {
      "mode": "managed",
      "type": "google_service_account",
      "name": "service_account",
      "provider": "provider[\"registry.terraform.io/hashicorp/google\"]",
      "instances": [
        {
          "index_key": 0,
          "schema_version": 0,
          "attributes": {
            "account_id": "compute-sa1",
            "description": "",
            "display_name": "dev-sa",
            "email": "compute-sa1@project710.iam.gserviceaccount.com",
            "id": "projects/project710/serviceAccounts/compute-sa1@project710.iam.gserviceaccount.com",
            "name": "projects/project710/serviceAccounts/compute-sa1@project710.iam.gserviceaccount.com",
            "project": "project710",
            "unique_id": "104203887863820010721"
          },
          "sensitive_attributes": [],
          "private": "bnVsbA=="
        },
        {
          "index_key": 1,
          "schema_version": 0,
          "attributes": {
            "account_id": "compute-sa2",
            "description": "",
            "display_name": "qa-sa",
            "email": "compute-sa2@project710.iam.gserviceaccount.com",
            "id": "projects/project710/serviceAccounts/compute-sa2@project710.iam.gserviceaccount.com",
            "name": "projects/project710/serviceAccounts/compute-sa2@project710.iam.gserviceaccount.com",
            "project": "project710",
            "unique_id": "100309822691914763432"
          },
          "sensitive_attributes": [],
          "private": "bnVsbA=="
        },
        {
          "index_key": 2,
          "schema_version": 0,
          "attributes": {
            "account_id": "compute-sa3",
            "description": "",
            "display_name": "prod-sa",
            "email": "compute-sa3@project710.iam.gserviceaccount.com",
            "id": "projects/project710/serviceAccounts/compute-sa3@project710.iam.gserviceaccount.com",
            "name": "projects/project710/serviceAccounts/compute-sa3@project710.iam.gserviceaccount.com",
            "project": "project710",
            "unique_id": "108906053149974678082"
          },
          "sensitive_attributes": [],
          "private": "bnVsbA=="
        }
      ]
    }
  ]
}
