{
  "version": 4,
  "terraform_version": "0.14.9",
  "serial": 12,
  "lineage": "fb6b43ef-73d1-a60c-91d4-fc753bfc7929",
  "outputs": {
    "current_time": {
      "value": "18 Apr 2021 00:38 UTC",
      "type": "string"
    },
    "key": {
      "value": "{\n  \"type\": \"service_account\",\n  \"project_id\": \"project710\",\n  \"private_key_id\": \"73eb78881b78a0f414f1d3e801a9e1cdb593f590\",\n  \"private_key\": \"-----BEGIN PRIVATE KEY-----\\nMIIEvQIBADANBgkqhkiG9w0BAQEFAASCBKcwggSjAgEAAoIBAQDrF40gPn3xu6qD\\n9b2OPqBNgXrWlfu+VXk2R/gT7Dq565owcAYiZR2RXxh5dbB1KYlFqScsSiUoj/Zy\\n5eh479ZqbBJPbtUUy54BdsjxLIlyxP78dP+FwkpiHLUT1Bv757hCnJE4QRqTJZxC\\naq5tzoTu9sBrQh1BoZX8Z2o7eUqRqR7XMdHdMgoScST/ISHMxHlbrUpgDt+klCdB\\nSpa0vq4hNRWBJt8DGLg61AeUYhTu2Ese3j8Odswu1uwwtpmsFeyN52Ps7UE/2w6v\\nBd9GVwT0DKFWnEazkr+VJusPtadDHdbrhUk7T87XAT318yQpjeD0u85//Uxqzhrm\\nLAzHwAbpAgMBAAECggEAB1COp27OViHF0NCJ9vWvoO27C9dzk2TfLj9PwpXub1e7\\nbs+jfzk4cewcq7XL2V9jGifk1EHT1WbiTwmkgbPLrvjBGpfbGSgrOMYwgyGEvs2O\\nlf4Rb8Dfdd1JDI6EVuKLNwZeVdrft+2bBq2BUyESfYlvq/6tAJxlmWqB0Yso9O54\\nBwMcptEbxjvD9Jyw/oU7CTE+Owco5qgG+wYuyWLECvn1GL83xgwE9TSkBhVnDeht\\norPJZMJgwDZaULk/LmtiCZdb7SJSfbModWYD8refIbQ1eqZvifQp7QPivm3lHepM\\nF30MIxFrJm0b4VnIaEqVeMDPqMA9/M5JLpJxqj814QKBgQD3YBzbpu8PYrxEeJA+\\n62kHdRPIVAmS/olpufTG8Bj3KuwMSlHRv9ZHxyHSUQe8Iu/NMuSfJiQS+zt6HcoX\\nyUO8KX6AUa3LVRoPJxbHaPpyCfmo3BeKeb5Qj7fGaRA37XFayIfbQeHZgf+Us39K\\na4KPF8z7MxXvtDrthJrNLBvw4QKBgQDzSc5Gjauf3AC+pOXVt/pYYMAXUPFEsxuH\\nxg4qVu5Rykw6auC5jevkSP+v4DK0Z5nFMt7DCdMzaEqTeYhZ0QxqXYyWpheJn+kz\\nD0oVt4hgV42GlKx6RDFyDxPfG2qIg65F5az0ry3PL6fv6iClLVsV76qOXnH63Hx8\\nmf/SsLNvCQKBgCU8gXuK2EdfnGlOIKBn/SpTNEQeakaHLBYPGMptT8S84EVFVqWV\\nE+NAFVY8PkbSl3gy5fkS27FDwgMywr3r3NdRA6q7IMcPq1mGj8Y6hiBuYfdKEf0V\\nMFGeIJKsM/XHNx3sO48EjsOX7unqTwnbvw5dDczuNqobXhdss4SY1CfhAoGAdYpQ\\nBZhGtdpF5dWnUSUs52v/AoTRvB5Ii8VtbJlJVOzG/WZLonpl4IpANgm8lZqEGVkl\\ndNeXWXvmo++Qp8wvEmiWFuax8oT21vtpEKr2UY2bS80is4Ok2/Va5WzKgKAWH6EC\\necj0+eeNXIUiNot+OU/seBI7QTcrUcvZZEKIvnkCgYEAxsvXCgS1UJ3LtgJJoq+d\\niVcD3+Cmci1qF9vtY7n1VOZBabABAahn/CqZhY9XOzhHyLR66vy7Tff7dkrpDAVd\\nPgMFR+frH10iDKBFLY1RBlRPXWyPGKkLvQ7qt6fyBfzqirdKyWwPvfSkjFCnNkAL\\nQM4Coy8Lb6btaJS5WUieGq4=\\n-----END PRIVATE KEY-----\\n\",\n  \"client_email\": \"ravishtfsvc1@project710.iam.gserviceaccount.com\",\n  \"client_id\": \"109343879257269054202\",\n  \"auth_uri\": \"https://accounts.google.com/o/oauth2/auth\",\n  \"token_uri\": \"https://oauth2.googleapis.com/token\",\n  \"auth_provider_x509_cert_url\": \"https://www.googleapis.com/oauth2/v1/certs\",\n  \"client_x509_cert_url\": \"https://www.googleapis.com/robot/v1/metadata/x509/ravishtfsvc1%40project710.iam.gserviceaccount.com\"\n}\n",
      "type": "string"
    }
  },
  "resources": [
    {
      "mode": "managed",
      "type": "google_compute_instance",
      "name": "my-vm",
      "provider": "provider[\"registry.terraform.io/hashicorp/google\"]",
      "instances": [
        {
          "schema_version": 6,
          "attributes": {
            "allow_stopping_for_update": null,
            "attached_disk": [],
            "boot_disk": [
              {
                "auto_delete": true,
                "device_name": "persistent-disk-0",
                "disk_encryption_key_raw": "",
                "disk_encryption_key_sha256": "",
                "initialize_params": [
                  {
                    "image": "https://www.googleapis.com/compute/v1/projects/ubuntu-os-cloud/global/images/ubuntu-2004-focal-v20210415",
                    "labels": {},
                    "size": 10,
                    "type": "pd-standard"
                  }
                ],
                "kms_key_self_link": "",
                "mode": "READ_WRITE",
                "source": "https://www.googleapis.com/compute/v1/projects/project710/zones/us-east1-b/disks/functions-test"
              }
            ],
            "can_ip_forward": false,
            "cpu_platform": "Intel Haswell",
            "deletion_protection": false,
            "description": "",
            "enable_display": false,
            "guest_accelerator": [],
            "hostname": "",
            "id": "projects/project710/zones/us-east1-b/instances/functions-test",
            "instance_id": "7944703260346466665",
            "label_fingerprint": "42WmSpB8rSM=",
            "labels": null,
            "machine_type": "e2-small",
            "metadata": null,
            "metadata_fingerprint": "09P2FawLnR8=",
            "metadata_startup_script": "",
            "min_cpu_platform": "",
            "name": "functions-test",
            "network_interface": [
              {
                "access_config": [
                  {
                    "nat_ip": "35.237.12.48",
                    "network_tier": "PREMIUM",
                    "public_ptr_domain_name": ""
                  }
                ],
                "alias_ip_range": [],
                "name": "nic0",
                "network": "https://www.googleapis.com/compute/v1/projects/project710/global/networks/terraform-network",
                "network_ip": "10.142.0.3",
                "subnetwork": "https://www.googleapis.com/compute/v1/projects/project710/regions/us-east1/subnetworks/terraform-network",
                "subnetwork_project": "project710"
              }
            ],
            "project": "project710",
            "scheduling": [
              {
                "automatic_restart": true,
                "node_affinities": [],
                "on_host_maintenance": "MIGRATE",
                "preemptible": false
              }
            ],
            "scratch_disk": [],
            "self_link": "https://www.googleapis.com/compute/v1/projects/project710/zones/us-east1-b/instances/functions-test",
            "service_account": [],
            "shielded_instance_config": [
              {
                "enable_integrity_monitoring": true,
                "enable_secure_boot": false,
                "enable_vtpm": true
              }
            ],
            "tags": null,
            "tags_fingerprint": "42WmSpB8rSM=",
            "timeouts": null,
            "zone": "us-east1-b"
          },
          "sensitive_attributes": [],
          "private": "eyJlMmJmYjczMC1lY2FhLTExZTYtOGY4OC0zNDM2M2JjN2M0YzAiOnsiY3JlYXRlIjoxMjAwMDAwMDAwMDAwLCJkZWxldGUiOjEyMDAwMDAwMDAwMDAsInVwZGF0ZSI6MTIwMDAwMDAwMDAwMH0sInNjaGVtYV92ZXJzaW9uIjoiNiJ9",
          "dependencies": [
            "google_compute_network.vpc_network"
          ]
        }
      ]
    },
    {
      "mode": "managed",
      "type": "google_compute_network",
      "name": "vpc_network",
      "provider": "provider[\"registry.terraform.io/hashicorp/google\"]",
      "instances": [
        {
          "schema_version": 0,
          "attributes": {
            "auto_create_subnetworks": true,
            "delete_default_routes_on_create": false,
            "description": "",
            "gateway_ipv4": "",
            "id": "projects/project710/global/networks/terraform-network",
            "ipv4_range": null,
            "name": "terraform-network",
            "project": "project710",
            "routing_mode": "REGIONAL",
            "self_link": "https://www.googleapis.com/compute/v1/projects/project710/global/networks/terraform-network",
            "timeouts": null
          },
          "sensitive_attributes": [],
          "private": "eyJlMmJmYjczMC1lY2FhLTExZTYtOGY4OC0zNDM2M2JjN2M0YzAiOnsiY3JlYXRlIjoyNDAwMDAwMDAwMDAsImRlbGV0ZSI6MjQwMDAwMDAwMDAwLCJ1cGRhdGUiOjI0MDAwMDAwMDAwMH19"
        }
      ]
    }
  ]
}
