{
  "version": 4,
  "terraform_version": "0.14.9",
  "serial": 5,
  "lineage": "f7c03f3e-d988-734e-7a23-827a35137843",
  "outputs": {},
  "resources": [
    {
      "mode": "managed",
      "type": "google_compute_network",
      "name": "vpc_network",
      "provider": "provider[\"registry.terraform.io/hashicorp/google\"]",
      "instances": [
        {
          "schema_version": 0,
          "attributes": {
            "auto_create_subnetworks": true,
            "delete_default_routes_on_create": false,
            "description": "",
            "gateway_ipv4": "",
            "id": "projects/project710/global/networks/terraform-network",
            "ipv4_range": null,
            "name": "terraform-network",
            "project": "project710",
            "routing_mode": "REGIONAL",
            "self_link": "https://www.googleapis.com/compute/v1/projects/project710/global/networks/terraform-network",
            "timeouts": null
          },
          "sensitive_attributes": [],
          "private": "eyJlMmJmYjczMC1lY2FhLTExZTYtOGY4OC0zNDM2M2JjN2M0YzAiOnsiY3JlYXRlIjoyNDAwMDAwMDAwMDAsImRlbGV0ZSI6MjQwMDAwMDAwMDAwLCJ1cGRhdGUiOjI0MDAwMDAwMDAwMH19"
        }
      ]
    },
    {
      "mode": "managed",
      "type": "google_service_account",
      "name": "service_account",
      "provider": "provider[\"registry.terraform.io/hashicorp/google\"]",
      "instances": [
        {
          "index_key": 0,
          "schema_version": 0,
          "attributes": {
            "account_id": "service-account-0",
            "description": "",
            "display_name": "Service Account",
            "email": "service-account-0@project710.iam.gserviceaccount.com",
            "id": "projects/project710/serviceAccounts/service-account-0@project710.iam.gserviceaccount.com",
            "name": "projects/project710/serviceAccounts/service-account-0@project710.iam.gserviceaccount.com",
            "project": "project710",
            "unique_id": "116190460942306488543"
          },
          "sensitive_attributes": [],
          "private": "bnVsbA=="
        },
        {
          "index_key": 1,
          "schema_version": 0,
          "attributes": {
            "account_id": "service-account-1",
            "description": "",
            "display_name": "Service Account",
            "email": "service-account-1@project710.iam.gserviceaccount.com",
            "id": "projects/project710/serviceAccounts/service-account-1@project710.iam.gserviceaccount.com",
            "name": "projects/project710/serviceAccounts/service-account-1@project710.iam.gserviceaccount.com",
            "project": "project710",
            "unique_id": "115567111587480038723"
          },
          "sensitive_attributes": [],
          "private": "bnVsbA=="
        },
        {
          "index_key": 2,
          "schema_version": 0,
          "attributes": {
            "account_id": "service-account-2",
            "description": "",
            "display_name": "Service Account",
            "email": "service-account-2@project710.iam.gserviceaccount.com",
            "id": "projects/project710/serviceAccounts/service-account-2@project710.iam.gserviceaccount.com",
            "name": "projects/project710/serviceAccounts/service-account-2@project710.iam.gserviceaccount.com",
            "project": "project710",
            "unique_id": "108656023165923857324"
          },
          "sensitive_attributes": [],
          "private": "bnVsbA=="
        }
      ]
    }
  ]
}
